{
  "version": 4,
  "terraform_version": "0.13.5",
  "serial": 1,
  "lineage": "5fa7c8e1-92d6-02f3-454a-19c8d277ad9c",
  "outputs": {},
  "resources": [
    {
      "mode": "managed",
      "type": "tfe_workspace",
      "name": "workspace",
      "provider": "provider[\"registry.terraform.io/hashicorp/tfe\"]",
      "instances": [
        {
          "schema_version": 1,
          "attributes": {
            "auto_apply": false,
            "external_id": "ws-sjyasSqcYNr7uGgz",
            "file_triggers_enabled": true,
            "id": "ws-sjyasSqcYNr7uGgz",
            "name": "ck8s-aws-glasswall-ck-test",
            "operations": false,
            "organization": "elastisys",
            "queue_all_runs": true,
            "ssh_key_id": "",
            "terraform_version": "0.13.5",
            "trigger_prefixes": null,
            "vcs_repo": [],
            "working_directory": ""
          },
          "private": "eyJzY2hlbWFfdmVyc2lvbiI6IjEifQ=="
        }
      ]
    }
  ]
}
