{
  "version": 4,
  "terraform_version": "0.12.19",
  "serial": 4,
  "lineage": "8e70e56d-f1b7-61ed-ac12-85482a95e935",
  "outputs": {},
  "resources": [
    {
      "mode": "managed",
      "type": "tfe_workspace",
      "name": "workspace",
      "provider": "provider.tfe",
      "instances": [
        {
          "schema_version": 1,
          "attributes": {
            "auto_apply": false,
            "external_id": "ws-AHMwgb48qNFsuBpC",
            "file_triggers_enabled": true,
            "id": "ws-AHMwgb48qNFsuBpC",
            "name": "ck8s-aws-glasswall-dev",
            "operations": false,
            "organization": "elastisys",
            "queue_all_runs": true,
            "ssh_key_id": "",
            "terraform_version": "0.13.5",
            "trigger_prefixes": [],
            "vcs_repo": [],
            "working_directory": ""
          },
          "private": "eyJzY2hlbWFfdmVyc2lvbiI6IjEifQ=="
        }
      ]
    }
  ]
}
